// !$*UTF8*$!
{
	archiveVersion = 1;
	classes = {
	};
	objectVersion = 46;
	objects = {

/* Begin PBXBuildFile section */
		8AF7ADF71C6489820054D4B3 /* AppDelegate.swift in Sources */ = {isa = PBXBuildFile; fileRef = 8AF7ADF61C6489820054D4B3 /* AppDelegate.swift */; };
		8AF7ADF91C6489820054D4B3 /* ViewController.swift in Sources */ = {isa = PBXBuildFile; fileRef = 8AF7ADF81C6489820054D4B3 /* ViewController.swift */; };
		8AF7ADFC1C6489820054D4B3 /* Main.storyboard in Resources */ = {isa = PBXBuildFile; fileRef = 8AF7ADFA1C6489820054D4B3 /* Main.storyboard */; };
		8AF7ADFE1C6489820054D4B3 /* Assets.xcassets in Resources */ = {isa = PBXBuildFile; fileRef = 8AF7ADFD1C6489820054D4B3 /* Assets.xcassets */; };
		8AF7AE011C6489820054D4B3 /* LaunchScreen.storyboard in Resources */ = {isa = PBXBuildFile; fileRef = 8AF7ADFF1C6489820054D4B3 /* LaunchScreen.storyboard */; };
		8AF7AE0C1C6489820054D4B3 /* studyappTests.swift in Sources */ = {isa = PBXBuildFile; fileRef = 8AF7AE0B1C6489820054D4B3 /* studyappTests.swift */; };
		8AF7AE171C6489820054D4B3 /* studyappUITests.swift in Sources */ = {isa = PBXBuildFile; fileRef = 8AF7AE161C6489820054D4B3 /* studyappUITests.swift */; };
		8AF7AE251C648B880054D4B3 /* HomeVC.swift in Sources */ = {isa = PBXBuildFile; fileRef = 8AF7AE241C648B880054D4B3 /* HomeVC.swift */; };
		8AF7AE271C648B9C0054D4B3 /* SignupVC.swift in Sources */ = {isa = PBXBuildFile; fileRef = 8AF7AE261C648B9C0054D4B3 /* SignupVC.swift */; };
		8AF7AE291C648BB00054D4B3 /* LoginVC.swift in Sources */ = {isa = PBXBuildFile; fileRef = 8AF7AE281C648BB00054D4B3 /* LoginVC.swift */; };
/* End PBXBuildFile section */

/* Begin PBXContainerItemProxy section */
		8AF7AE081C6489820054D4B3 /* PBXContainerItemProxy */ = {
			isa = PBXContainerItemProxy;
			containerPortal = 8AF7ADEB1C6489820054D4B3 /* Project object */;
			proxyType = 1;
			remoteGlobalIDString = 8AF7ADF21C6489820054D4B3;
			remoteInfo = studyapp;
		};
		8AF7AE131C6489820054D4B3 /* PBXContainerItemProxy */ = {
			isa = PBXContainerItemProxy;
			containerPortal = 8AF7ADEB1C6489820054D4B3 /* Project object */;
			proxyType = 1;
			remoteGlobalIDString = 8AF7ADF21C6489820054D4B3;
			remoteInfo = studyapp;
		};
/* End PBXContainerItemProxy section */

/* Begin PBXFileReference section */
		8AF7ADF31C6489820054D4B3 /* studyapp.app */ = {isa = PBXFileReference; explicitFileType = wrapper.application; includeInIndex = 0; path = studyapp.app; sourceTree = BUILT_PRODUCTS_DIR; };
		8AF7ADF61C6489820054D4B3 /* AppDelegate.swift */ = {isa = PBXFileReference; lastKnownFileType = sourcecode.swift; path = AppDelegate.swift; sourceTree = "<group>"; };
		8AF7ADF81C6489820054D4B3 /* ViewController.swift */ = {isa = PBXFileReference; lastKnownFileType = sourcecode.swift; path = ViewController.swift; sourceTree = "<group>"; };
		8AF7ADFB1C6489820054D4B3 /* Base */ = {isa = PBXFileReference; lastKnownFileType = file.storyboard; name = Base; path = Base.lproj/Main.storyboard; sourceTree = "<group>"; };
		8AF7ADFD1C6489820054D4B3 /* Assets.xcassets */ = {isa = PBXFileReference; lastKnownFileType = folder.assetcatalog; path = Assets.xcassets; sourceTree = "<group>"; };
		8AF7AE001C6489820054D4B3 /* Base */ = {isa = PBXFileReference; lastKnownFileType = file.storyboard; name = Base; path = Base.lproj/LaunchScreen.storyboard; sourceTree = "<group>"; };
		8AF7AE021C6489820054D4B3 /* Info.plist */ = {isa = PBXFileReference; lastKnownFileType = text.plist.xml; path = Info.plist; sourceTree = "<group>"; };
		8AF7AE071C6489820054D4B3 /* studyappTests.xctest */ = {isa = PBXFileReference; explicitFileType = wrapper.cfbundle; includeInIndex = 0; path = studyappTests.xctest; sourceTree = BUILT_PRODUCTS_DIR; };
		8AF7AE0B1C6489820054D4B3 /* studyappTests.swift */ = {isa = PBXFileReference; lastKnownFileType = sourcecode.swift; path = studyappTests.swift; sourceTree = "<group>"; };
		8AF7AE0D1C6489820054D4B3 /* Info.plist */ = {isa = PBXFileReference; lastKnownFileType = text.plist.xml; path = Info.plist; sourceTree = "<group>"; };
		8AF7AE121C6489820054D4B3 /* studyappUITests.xctest */ = {isa = PBXFileReference; explicitFileType = wrapper.cfbundle; includeInIndex = 0; path = studyappUITests.xctest; sourceTree = BUILT_PRODUCTS_DIR; };
		8AF7AE161C6489820054D4B3 /* studyappUITests.swift */ = {isa = PBXFileReference; lastKnownFileType = sourcecode.swift; path = studyappUITests.swift; sourceTree = "<group>"; };
		8AF7AE181C6489820054D4B3 /* Info.plist */ = {isa = PBXFileReference; lastKnownFileType = text.plist.xml; path = Info.plist; sourceTree = "<group>"; };
		8AF7AE241C648B880054D4B3 /* HomeVC.swift */ = {isa = PBXFileReference; fileEncoding = 4; lastKnownFileType = sourcecode.swift; path = HomeVC.swift; sourceTree = "<group>"; };
		8AF7AE261C648B9C0054D4B3 /* SignupVC.swift */ = {isa = PBXFileReference; fileEncoding = 4; lastKnownFileType = sourcecode.swift; path = SignupVC.swift; sourceTree = "<group>"; };
		8AF7AE281C648BB00054D4B3 /* LoginVC.swift */ = {isa = PBXFileReference; fileEncoding = 4; lastKnownFileType = sourcecode.swift; path = LoginVC.swift; sourceTree = "<group>"; };
/* End PBXFileReference section */

/* Begin PBXFrameworksBuildPhase section */
		8AF7ADF01C6489820054D4B3 /* Frameworks */ = {
			isa = PBXFrameworksBuildPhase;
			buildActionMask = 2147483647;
			files = (
			);
			runOnlyForDeploymentPostprocessing = 0;
		};
		8AF7AE041C6489820054D4B3 /* Frameworks */ = {
			isa = PBXFrameworksBuildPhase;
			buildActionMask = 2147483647;
			files = (
			);
			runOnlyForDeploymentPostprocessing = 0;
		};
		8AF7AE0F1C6489820054D4B3 /* Frameworks */ = {
			isa = PBXFrameworksBuildPhase;
			buildActionMask = 2147483647;
			files = (
			);
			runOnlyForDeploymentPostprocessing = 0;
		};
/* End PBXFrameworksBuildPhase section */

/* Begin PBXGroup section */
		8AF7ADEA1C6489820054D4B3 = {
			isa = PBXGroup;
			children = (
				8AF7ADF51C6489820054D4B3 /* studyapp */,
				8AF7AE0A1C6489820054D4B3 /* studyappTests */,
				8AF7AE151C6489820054D4B3 /* studyappUITests */,
				8AF7ADF41C6489820054D4B3 /* Products */,
			);
			sourceTree = "<group>";
		};
		8AF7ADF41C6489820054D4B3 /* Products */ = {
			isa = PBXGroup;
			children = (
				8AF7ADF31C6489820054D4B3 /* studyapp.app */,
				8AF7AE071C6489820054D4B3 /* studyappTests.xctest */,
				8AF7AE121C6489820054D4B3 /* studyappUITests.xctest */,
			);
			name = Products;
			sourceTree = "<group>";
		};
		8AF7ADF51C6489820054D4B3 /* studyapp */ = {
			isa = PBXGroup;
			children = (
				8AF7ADF61C6489820054D4B3 /* AppDelegate.swift */,
				8AF7ADF81C6489820054D4B3 /* ViewController.swift */,
				8AF7ADFA1C6489820054D4B3 /* Main.storyboard */,
				8AF7ADFD1C6489820054D4B3 /* Assets.xcassets */,
				8AF7ADFF1C6489820054D4B3 /* LaunchScreen.storyboard */,
				8AF7AE021C6489820054D4B3 /* Info.plist */,
				8AF7AE241C648B880054D4B3 /* HomeVC.swift */,
				8AF7AE261C648B9C0054D4B3 /* SignupVC.swift */,
				8AF7AE281C648BB00054D4B3 /* LoginVC.swift */,
			);
			path = studyapp;
			sourceTree = "<group>";
		};
		8AF7AE0A1C6489820054D4B3 /* studyappTests */ = {
			isa = PBXGroup;
			children = (
				8AF7AE0B1C6489820054D4B3 /* studyappTests.swift */,
				8AF7AE0D1C6489820054D4B3 /* Info.plist */,
			);
			path = studyappTests;
			sourceTree = "<group>";
		};
		8AF7AE151C6489820054D4B3 /* studyappUITests */ = {
			isa = PBXGroup;
			children = (
				8AF7AE161C6489820054D4B3 /* studyappUITests.swift */,
				8AF7AE181C6489820054D4B3 /* Info.plist */,
			);
			path = studyappUITests;
			sourceTree = "<group>";
		};
/* End PBXGroup section */

/* Begin PBXNativeTarget section */
		8AF7ADF21C6489820054D4B3 /* studyapp */ = {
			isa = PBXNativeTarget;
			buildConfigurationList = 8AF7AE1B1C6489820054D4B3 /* Build configuration list for PBXNativeTarget "studyapp" */;
			buildPhases = (
				8AF7ADEF1C6489820054D4B3 /* Sources */,
				8AF7ADF01C6489820054D4B3 /* Frameworks */,
				8AF7ADF11C6489820054D4B3 /* Resources */,
			);
			buildRules = (
			);
			dependencies = (
			);
			name = studyapp;
			productName = studyapp;
			productReference = 8AF7ADF31C6489820054D4B3 /* studyapp.app */;
			productType = "com.apple.product-type.application";
		};
		8AF7AE061C6489820054D4B3 /* studyappTests */ = {
			isa = PBXNativeTarget;
			buildConfigurationList = 8AF7AE1E1C6489820054D4B3 /* Build configuration list for PBXNativeTarget "studyappTests" */;
			buildPhases = (
				8AF7AE031C6489820054D4B3 /* Sources */,
				8AF7AE041C6489820054D4B3 /* Frameworks */,
				8AF7AE051C6489820054D4B3 /* Resources */,
			);
			buildRules = (
			);
			dependencies = (
				8AF7AE091C6489820054D4B3 /* PBXTargetDependency */,
			);
			name = studyappTests;
			productName = studyappTests;
			productReference = 8AF7AE071C6489820054D4B3 /* studyappTests.xctest */;
			productType = "com.apple.product-type.bundle.unit-test";
		};
		8AF7AE111C6489820054D4B3 /* studyappUITests */ = {
			isa = PBXNativeTarget;
			buildConfigurationList = 8AF7AE211C6489820054D4B3 /* Build configuration list for PBXNativeTarget "studyappUITests" */;
			buildPhases = (
				8AF7AE0E1C6489820054D4B3 /* Sources */,
				8AF7AE0F1C6489820054D4B3 /* Frameworks */,
				8AF7AE101C6489820054D4B3 /* Resources */,
			);
			buildRules = (
			);
			dependencies = (
				8AF7AE141C6489820054D4B3 /* PBXTargetDependency */,
			);
			name = studyappUITests;
			productName = studyappUITests;
			productReference = 8AF7AE121C6489820054D4B3 /* studyappUITests.xctest */;
			productType = "com.apple.product-type.bundle.ui-testing";
		};
/* End PBXNativeTarget section */

/* Begin PBXProject section */
		8AF7ADEB1C6489820054D4B3 /* Project object */ = {
			isa = PBXProject;
			attributes = {
				LastSwiftUpdateCheck = 0720;
				LastUpgradeCheck = 0720;
				ORGANIZATIONNAME = "jyo-shoukyou";
				TargetAttributes = {
					8AF7ADF21C6489820054D4B3 = {
						CreatedOnToolsVersion = 7.2;
						DevelopmentTeam = G9343S893K;
					};
					8AF7AE061C6489820054D4B3 = {
						CreatedOnToolsVersion = 7.2;
						TestTargetID = 8AF7ADF21C6489820054D4B3;
					};
					8AF7AE111C6489820054D4B3 = {
						CreatedOnToolsVersion = 7.2;
						TestTargetID = 8AF7ADF21C6489820054D4B3;
					};
				};
			};
			buildConfigurationList = 8AF7ADEE1C6489820054D4B3 /* Build configuration list for PBXProject "studyapp" */;
			compatibilityVersion = "Xcode 3.2";
			developmentRegion = English;
			hasScannedForEncodings = 0;
			knownRegions = (
				en,
				Base,
			);
			mainGroup = 8AF7ADEA1C6489820054D4B3;
			productRefGroup = 8AF7ADF41C6489820054D4B3 /* Products */;
			projectDirPath = "";
			projectRoot = "";
			targets = (
				8AF7ADF21C6489820054D4B3 /* studyapp */,
				8AF7AE061C6489820054D4B3 /* studyappTests */,
				8AF7AE111C6489820054D4B3 /* studyappUITests */,
			);
		};
/* End PBXProject section */

/* Begin PBXResourcesBuildPhase section */
		8AF7ADF11C6489820054D4B3 /* Resources */ = {
			isa = PBXResourcesBuildPhase;
			buildActionMask = 2147483647;
			files = (
				8AF7AE011C6489820054D4B3 /* LaunchScreen.storyboard in Resources */,
				8AF7ADFE1C6489820054D4B3 /* Assets.xcassets in Resources */,
				8AF7ADFC1C6489820054D4B3 /* Main.storyboard in Resources */,
			);
			runOnlyForDeploymentPostprocessing = 0;
		};
		8AF7AE051C6489820054D4B3 /* Resources */ = {
			isa = PBXResourcesBuildPhase;
			buildActionMask = 2147483647;
			files = (
			);
			runOnlyForDeploymentPostprocessing = 0;
		};
		8AF7AE101C6489820054D4B3 /* Resources */ = {
			isa = PBXResourcesBuildPhase;
			buildActionMask = 2147483647;
			files = (
			);
			runOnlyForDeploymentPostprocessing = 0;
		};
/* End PBXResourcesBuildPhase section */

/* Begin PBXSourcesBuildPhase section */
		8AF7ADEF1C6489820054D4B3 /* Sources */ = {
			isa = PBXSourcesBuildPhase;
			buildActionMask = 2147483647;
			files = (
				8AF7AE271C648B9C0054D4B3 /* SignupVC.swift in Sources */,
				8AF7AE251C648B880054D4B3 /* HomeVC.swift in Sources */,
				8AF7ADF91C6489820054D4B3 /* ViewController.swift in Sources */,
				8AF7ADF71C6489820054D4B3 /* AppDelegate.swift in Sources */,
				8AF7AE291C648BB00054D4B3 /* LoginVC.swift in Sources */,
			);
			runOnlyForDeploymentPostprocessing = 0;
		};
		8AF7AE031C6489820054D4B3 /* Sources */ = {
			isa = PBXSourcesBuildPhase;
			buildActionMask = 2147483647;
			files = (
				8AF7AE0C1C6489820054D4B3 /* studyappTests.swift in Sources */,
			);
			runOnlyForDeploymentPostprocessing = 0;
		};
		8AF7AE0E1C6489820054D4B3 /* Sources */ = {
			isa = PBXSourcesBuildPhase;
			buildActionMask = 2147483647;
			files = (
				8AF7AE171C6489820054D4B3 /* studyappUITests.swift in Sources */,
			);
			runOnlyForDeploymentPostprocessing = 0;
		};
/* End PBXSourcesBuildPhase section */

/* Begin PBXTargetDependency section */
		8AF7AE091C6489820054D4B3 /* PBXTargetDependency */ = {
			isa = PBXTargetDependency;
			target = 8AF7ADF21C6489820054D4B3 /* studyapp */;
			targetProxy = 8AF7AE081C6489820054D4B3 /* PBXContainerItemProxy */;
		};
		8AF7AE141C6489820054D4B3 /* PBXTargetDependency */ = {
			isa = PBXTargetDependency;
			target = 8AF7ADF21C6489820054D4B3 /* studyapp */;
			targetProxy = 8AF7AE131C6489820054D4B3 /* PBXContainerItemProxy */;
		};
/* End PBXTargetDependency section */

/* Begin PBXVariantGroup section */
		8AF7ADFA1C6489820054D4B3 /* Main.storyboard */ = {
			isa = PBXVariantGroup;
			children = (
				8AF7ADFB1C6489820054D4B3 /* Base */,
			);
			name = Main.storyboard;
			sourceTree = "<group>";
		};
		8AF7ADFF1C6489820054D4B3 /* LaunchScreen.storyboard */ = {
			isa = PBXVariantGroup;
			children = (
				8AF7AE001C6489820054D4B3 /* Base */,
			);
			name = LaunchScreen.storyboard;
			sourceTree = "<group>";
		};
/* End PBXVariantGroup section */

/* Begin XCBuildConfiguration section */
		8AF7AE191C6489820054D4B3 /* Debug */ = {
			isa = XCBuildConfiguration;
			buildSettings = {
				ALWAYS_SEARCH_USER_PATHS = NO;
				CLANG_CXX_LANGUAGE_STANDARD = "gnu++0x";
				CLANG_CXX_LIBRARY = "libc++";
				CLANG_ENABLE_MODULES = YES;
				CLANG_ENABLE_OBJC_ARC = YES;
				CLANG_WARN_BOOL_CONVERSION = YES;
				CLANG_WARN_CONSTANT_CONVERSION = YES;
				CLANG_WARN_DIRECT_OBJC_ISA_USAGE = YES_ERROR;
				CLANG_WARN_EMPTY_BODY = YES;
				CLANG_WARN_ENUM_CONVERSION = YES;
				CLANG_WARN_INT_CONVERSION = YES;
				CLANG_WARN_OBJC_ROOT_CLASS = YES_ERROR;
				CLANG_WARN_UNREACHABLE_CODE = YES;
				CLANG_WARN__DUPLICATE_METHOD_MATCH = YES;
				"CODE_SIGN_IDENTITY[sdk=iphoneos*]" = "iPhone Developer";
				COPY_PHASE_STRIP = NO;
				DEBUG_INFORMATION_FORMAT = dwarf;
				ENABLE_STRICT_OBJC_MSGSEND = YES;
				ENABLE_TESTABILITY = YES;
				GCC_C_LANGUAGE_STANDARD = gnu99;
				GCC_DYNAMIC_NO_PIC = NO;
				GCC_NO_COMMON_BLOCKS = YES;
				GCC_OPTIMIZATION_LEVEL = 0;
				GCC_PREPROCESSOR_DEFINITIONS = (
					"DEBUG=1",
					"$(inherited)",
				);
				GCC_WARN_64_TO_32_BIT_CONVERSION = YES;
				GCC_WARN_ABOUT_RETURN_TYPE = YES_ERROR;
				GCC_WARN_UNDECLARED_SELECTOR = YES;
				GCC_WARN_UNINITIALIZED_AUTOS = YES_AGGRESSIVE;
				GCC_WARN_UNUSED_FUNCTION = YES;
				GCC_WARN_UNUSED_VARIABLE = YES;
				IPHONEOS_DEPLOYMENT_TARGET = 9.2;
				MTL_ENABLE_DEBUG_INFO = YES;
				ONLY_ACTIVE_ARCH = YES;
				SDKROOT = iphoneos;
				SWIFT_OPTIMIZATION_LEVEL = "-Onone";
				TARGETED_DEVICE_FAMILY = "1,2";
			};
			name = Debug;
		};
		8AF7AE1A1C6489820054D4B3 /* Release */ = {
			isa = XCBuildConfiguration;
			buildSettings = {
				ALWAYS_SEARCH_USER_PATHS = NO;
				CLANG_CXX_LANGUAGE_STANDARD = "gnu++0x";
				CLANG_CXX_LIBRARY = "libc++";
				CLANG_ENABLE_MODULES = YES;
				CLANG_ENABLE_OBJC_ARC = YES;
				CLANG_WARN_BOOL_CONVERSION = YES;
				CLANG_WARN_CONSTANT_CONVERSION = YES;
				CLANG_WARN_DIRECT_OBJC_ISA_USAGE = YES_ERROR;
				CLANG_WARN_EMPTY_BODY = YES;
				CLANG_WARN_ENUM_CONVERSION = YES;
				CLANG_WARN_INT_CONVERSION = YES;
				CLANG_WARN_OBJC_ROOT_CLASS = YES_ERROR;
				CLANG_WARN_UNREACHABLE_CODE = YES;
				CLANG_WARN__DUPLICATE_METHOD_MATCH = YES;
				"CODE_SIGN_IDENTITY[sdk=iphoneos*]" = "iPhone Developer";
				COPY_PHASE_STRIP = NO;
				DEBUG_INFORMATION_FORMAT = "dwarf-with-dsym";
				ENABLE_NS_ASSERTIONS = NO;
				ENABLE_STRICT_OBJC_MSGSEND = YES;
				GCC_C_LANGUAGE_STANDARD = gnu99;
				GCC_NO_COMMON_BLOCKS = YES;
				GCC_WARN_64_TO_32_BIT_CONVERSION = YES;
				GCC_WARN_ABOUT_RETURN_TYPE = YES_ERROR;
				GCC_WARN_UNDECLARED_SELECTOR = YES;
				GCC_WARN_UNINITIALIZED_AUTOS = YES_AGGRESSIVE;
				GCC_WARN_UNUSED_FUNCTION = YES;
				GCC_WARN_UNUSED_VARIABLE = YES;
				IPHONEOS_DEPLOYMENT_TARGET = 9.2;
				MTL_ENABLE_DEBUG_INFO = NO;
				SDKROOT = iphoneos;
				TARGETED_DEVICE_FAMILY = "1,2";
				VALIDATE_PRODUCT = YES;
			};
			name = Release;
		};
		8AF7AE1C1C6489820054D4B3 /* Debug */ = {
			isa = XCBuildConfiguration;
			buildSettings = {
				ASSETCATALOG_COMPILER_APPICON_NAME = AppIcon;
				CODE_SIGN_IDENTITY = "iPhone Developer";
				INFOPLIST_FILE = studyapp/Info.plist;
				IPHONEOS_DEPLOYMENT_TARGET = 7.0;
				LD_RUNPATH_SEARCH_PATHS = "$(inherited) @executable_path/Frameworks";
				OTHER_SWIFT_FLAGS = "";
				PRODUCT_BUNDLE_IDENTIFIER = dk.studyapp;
				PRODUCT_NAME = "$(TARGET_NAME)";
				SWIFT_INCLUDE_PATHS = "";
			};
			name = Debug;
		};
		8AF7AE1D1C6489820054D4B3 /* Release */ = {
			isa = XCBuildConfiguration;
			buildSettings = {
				ASSETCATALOG_COMPILER_APPICON_NAME = AppIcon;
				CODE_SIGN_IDENTITY = "iPhone Developer";
				INFOPLIST_FILE = studyapp/Info.plist;
				IPHONEOS_DEPLOYMENT_TARGET = 7.0;
				LD_RUNPATH_SEARCH_PATHS = "$(inherited) @executable_path/Frameworks";
				PRODUCT_BUNDLE_IDENTIFIER = dk.studyapp;
				PRODUCT_NAME = "$(TARGET_NAME)";
			};
			name = Release;
		};
		8AF7AE1F1C6489820054D4B3 /* Debug */ = {
			isa = XCBuildConfiguration;
			buildSettings = {
				BUNDLE_LOADER = "$(TEST_HOST)";
				INFOPLIST_FILE = studyappTests/Info.plist;
				LD_RUNPATH_SEARCH_PATHS = "$(inherited) @executable_path/Frameworks @loader_path/Frameworks";
				PRODUCT_BUNDLE_IDENTIFIER = dk.studyappTests;
				PRODUCT_NAME = "$(TARGET_NAME)";
				TEST_HOST = "$(BUILT_PRODUCTS_DIR)/studyapp.app/studyapp";
			};
			name = Debug;
		};
		8AF7AE201C6489820054D4B3 /* Release */ = {
			isa = XCBuildConfiguration;
			buildSettings = {
				BUNDLE_LOADER = "$(TEST_HOST)";
				INFOPLIST_FILE = studyappTests/Info.plist;
				LD_RUNPATH_SEARCH_PATHS = "$(inherited) @executable_path/Frameworks @loader_path/Frameworks";
				PRODUCT_BUNDLE_IDENTIFIER = dk.studyappTests;
				PRODUCT_NAME = "$(TARGET_NAME)";
				TEST_HOST = "$(BUILT_PRODUCTS_DIR)/studyapp.app/studyapp";
			};
			name = Release;
		};
		8AF7AE221C6489820054D4B3 /* Debug */ = {
			isa = XCBuildConfiguration;
			buildSettings = {
				INFOPLIST_FILE = studyappUITests/Info.plist;
				LD_RUNPATH_SEARCH_PATHS = "$(inherited) @executable_path/Frameworks @loader_path/Frameworks";
				PRODUCT_BUNDLE_IDENTIFIER = dk.studyappUITests;
				PRODUCT_NAME = "$(TARGET_NAME)";
				TEST_TARGET_NAME = studyapp;
				USES_XCTRUNNER = YES;
			};
			name = Debug;
		};
		8AF7AE231C6489820054D4B3 /* Release */ = {
			isa = XCBuildConfiguration;
			buildSettings = {
				INFOPLIST_FILE = studyappUITests/Info.plist;
				LD_RUNPATH_SEARCH_PATHS = "$(inherited) @executable_path/Frameworks @loader_path/Frameworks";
				PRODUCT_BUNDLE_IDENTIFIER = dk.studyappUITests;
				PRODUCT_NAME = "$(TARGET_NAME)";
				TEST_TARGET_NAME = studyapp;
				USES_XCTRUNNER = YES;
			};
			name = Release;
		};
/* End XCBuildConfiguration section */

/* Begin XCConfigurationList section */
		8AF7ADEE1C6489820054D4B3 /* Build configuration list for PBXProject "studyapp" */ = {
			isa = XCConfigurationList;
			buildConfigurations = (
				8AF7AE191C6489820054D4B3 /* Debug */,
				8AF7AE1A1C6489820054D4B3 /* Release */,
			);
			defaultConfigurationIsVisible = 0;
			defaultConfigurationName = Release;
		};
		8AF7AE1B1C6489820054D4B3 /* Build configuration list for PBXNativeTarget "studyapp" */ = {
			isa = XCConfigurationList;
			buildConfigurations = (
				8AF7AE1C1C6489820054D4B3 /* Debug */,
				8AF7AE1D1C6489820054D4B3 /* Release */,
			);
			defaultConfigurationIsVisible = 0;
			defaultConfigurationName = Release;
		};
		8AF7AE1E1C6489820054D4B3 /* Build configuration list for PBXNativeTarget "studyappTests" */ = {
			isa = XCConfigurationList;
			buildConfigurations = (
				8AF7AE1F1C6489820054D4B3 /* Debug */,
				8AF7AE201C6489820054D4B3 /* Release */,
			);
			defaultConfigurationIsVisible = 0;
			defaultConfigurationName = Release;
		};
		8AF7AE211C6489820054D4B3 /* Build configuration list for PBXNativeTarget "studyappUITests" */ = {
			isa = XCConfigurationList;
			buildConfigurations = (
				8AF7AE221C6489820054D4B3 /* Debug */,
				8AF7AE231C6489820054D4B3 /* Release */,
			);
			defaultConfigurationIsVisible = 0;
			defaultConfigurationName = Release;
		};
/* End XCConfigurationList section */
	};
	rootObject = 8AF7ADEB1C6489820054D4B3 /* Project object */;
}
